
Microsoft Visual Studio Solution File, Format Version 12.00
Project("{FAE04EC0-301F-11D3-BF4B-00C04F79EFBC}") = "LGBT_Love_Bot", "LGBT_Love_Bot.csproj", "{A699F0D1-C719-4C33-8551-869D44778637}"
EndProject
Global
	GlobalSection(SolutionConfigurationPlatforms) = preSolution
		Debug|Any CPU = Debug|Any CPU
		Release|Any CPU = Release|Any CPU
	EndGlobalSection
	GlobalSection(ProjectConfigurationPlatforms) = postSolution
		{A699F0D1-C719-4C33-8551-869D44778637}.Debug|Any CPU.ActiveCfg = Debug|Any CPU
		{A699F0D1-C719-4C33-8551-869D44778637}.Debug|Any CPU.Build.0 = Debug|Any CPU
		{A699F0D1-C719-4C33-8551-869D44778637}.Release|Any CPU.ActiveCfg = Release|Any CPU
		{A699F0D1-C719-4C33-8551-869D44778637}.Release|Any CPU.Build.0 = Release|Any CPU
	EndGlobalSection
EndGlobal
